
Microsoft Visual Studio Solution File, Format Version 12.00
# Visual Studio 15
VisualStudioVersion = 15.0.26124.0
MinimumVisualStudioVersion = 15.0.26124.0
Project("{2150E333-8FDC-42A3-9474-1A3956D46DE8}") = "src", "src", "{DA1F09FA-3A3D-4255-B67C-55BD31A96B99}"
ProjectSection(SolutionItems) = preProject
	Dockerfile = Dockerfile
EndProjectSection
EndProject
Project("{FAE04EC0-301F-11D3-BF4B-00C04F79EFBC}") = "Users.Api", "src\Users.Api\Users.Api.csproj", "{D473174E-2AD7-479A-AED0-B0A067D845D1}"
EndProject
Project("{FAE04EC0-301F-11D3-BF4B-00C04F79EFBC}") = "Users.Shared", "src\Users.Shared\Users.Shared.csproj", "{43FDFFD2-CAC1-44D4-A254-799AF03D8DE8}"
EndProject
Project("{FAE04EC0-301F-11D3-BF4B-00C04F79EFBC}") = "Users.Web", "src\Users.Web\Users.Web.csproj", "{297E6414-049D-4CEE-85D8-7CC0B2C5F47D}"
EndProject
Project("{2150E333-8FDC-42A3-9474-1A3956D46DE8}") = "tests", "tests", "{FE507F5E-29CA-41D8-83DF-7F8F58067D90}"
EndProject
Project("{FAE04EC0-301F-11D3-BF4B-00C04F79EFBC}") = "Users.Api.Tests", "tests\Users.Api.Tests\Users.Api.Tests.csproj", "{71D9F691-0877-4D99-B1BF-FF8A18B90235}"
EndProject
Project("{FAE04EC0-301F-11D3-BF4B-00C04F79EFBC}") = "Users.Web.Tests", "tests\Users.Web.Tests\Users.Web.Tests.csproj", "{E462D6FD-5CB0-4D52-8EEF-7436C88EB5D8}"
EndProject
Global
	GlobalSection(SolutionConfigurationPlatforms) = preSolution
		Debug|Any CPU = Debug|Any CPU
		Debug|x64 = Debug|x64
		Debug|x86 = Debug|x86
		Release|Any CPU = Release|Any CPU
		Release|x64 = Release|x64
		Release|x86 = Release|x86
	EndGlobalSection
	GlobalSection(SolutionProperties) = preSolution
		HideSolutionNode = FALSE
	EndGlobalSection
	GlobalSection(ProjectConfigurationPlatforms) = postSolution
		{D473174E-2AD7-479A-AED0-B0A067D845D1}.Debug|Any CPU.ActiveCfg = Debug|Any CPU
		{D473174E-2AD7-479A-AED0-B0A067D845D1}.Debug|Any CPU.Build.0 = Debug|Any CPU
		{D473174E-2AD7-479A-AED0-B0A067D845D1}.Debug|x64.ActiveCfg = Debug|Any CPU
		{D473174E-2AD7-479A-AED0-B0A067D845D1}.Debug|x64.Build.0 = Debug|Any CPU
		{D473174E-2AD7-479A-AED0-B0A067D845D1}.Debug|x86.ActiveCfg = Debug|Any CPU
		{D473174E-2AD7-479A-AED0-B0A067D845D1}.Debug|x86.Build.0 = Debug|Any CPU
		{D473174E-2AD7-479A-AED0-B0A067D845D1}.Release|Any CPU.ActiveCfg = Release|Any CPU
		{D473174E-2AD7-479A-AED0-B0A067D845D1}.Release|Any CPU.Build.0 = Release|Any CPU
		{D473174E-2AD7-479A-AED0-B0A067D845D1}.Release|x64.ActiveCfg = Release|Any CPU
		{D473174E-2AD7-479A-AED0-B0A067D845D1}.Release|x64.Build.0 = Release|Any CPU
		{D473174E-2AD7-479A-AED0-B0A067D845D1}.Release|x86.ActiveCfg = Release|Any CPU
		{D473174E-2AD7-479A-AED0-B0A067D845D1}.Release|x86.Build.0 = Release|Any CPU
		{43FDFFD2-CAC1-44D4-A254-799AF03D8DE8}.Debug|Any CPU.ActiveCfg = Debug|Any CPU
		{43FDFFD2-CAC1-44D4-A254-799AF03D8DE8}.Debug|Any CPU.Build.0 = Debug|Any CPU
		{43FDFFD2-CAC1-44D4-A254-799AF03D8DE8}.Debug|x64.ActiveCfg = Debug|Any CPU
		{43FDFFD2-CAC1-44D4-A254-799AF03D8DE8}.Debug|x64.Build.0 = Debug|Any CPU
		{43FDFFD2-CAC1-44D4-A254-799AF03D8DE8}.Debug|x86.ActiveCfg = Debug|Any CPU
		{43FDFFD2-CAC1-44D4-A254-799AF03D8DE8}.Debug|x86.Build.0 = Debug|Any CPU
		{43FDFFD2-CAC1-44D4-A254-799AF03D8DE8}.Release|Any CPU.ActiveCfg = Release|Any CPU
		{43FDFFD2-CAC1-44D4-A254-799AF03D8DE8}.Release|Any CPU.Build.0 = Release|Any CPU
		{43FDFFD2-CAC1-44D4-A254-799AF03D8DE8}.Release|x64.ActiveCfg = Release|Any CPU
		{43FDFFD2-CAC1-44D4-A254-799AF03D8DE8}.Release|x64.Build.0 = Release|Any CPU
		{43FDFFD2-CAC1-44D4-A254-799AF03D8DE8}.Release|x86.ActiveCfg = Release|Any CPU
		{43FDFFD2-CAC1-44D4-A254-799AF03D8DE8}.Release|x86.Build.0 = Release|Any CPU
		{297E6414-049D-4CEE-85D8-7CC0B2C5F47D}.Debug|Any CPU.ActiveCfg = Debug|Any CPU
		{297E6414-049D-4CEE-85D8-7CC0B2C5F47D}.Debug|Any CPU.Build.0 = Debug|Any CPU
		{297E6414-049D-4CEE-85D8-7CC0B2C5F47D}.Debug|x64.ActiveCfg = Debug|Any CPU
		{297E6414-049D-4CEE-85D8-7CC0B2C5F47D}.Debug|x64.Build.0 = Debug|Any CPU
		{297E6414-049D-4CEE-85D8-7CC0B2C5F47D}.Debug|x86.ActiveCfg = Debug|Any CPU
		{297E6414-049D-4CEE-85D8-7CC0B2C5F47D}.Debug|x86.Build.0 = Debug|Any CPU
		{297E6414-049D-4CEE-85D8-7CC0B2C5F47D}.Release|Any CPU.ActiveCfg = Release|Any CPU
		{297E6414-049D-4CEE-85D8-7CC0B2C5F47D}.Release|Any CPU.Build.0 = Release|Any CPU
		{297E6414-049D-4CEE-85D8-7CC0B2C5F47D}.Release|x64.ActiveCfg = Release|Any CPU
		{297E6414-049D-4CEE-85D8-7CC0B2C5F47D}.Release|x64.Build.0 = Release|Any CPU
		{297E6414-049D-4CEE-85D8-7CC0B2C5F47D}.Release|x86.ActiveCfg = Release|Any CPU
		{297E6414-049D-4CEE-85D8-7CC0B2C5F47D}.Release|x86.Build.0 = Release|Any CPU
		{71D9F691-0877-4D99-B1BF-FF8A18B90235}.Debug|Any CPU.ActiveCfg = Debug|Any CPU
		{71D9F691-0877-4D99-B1BF-FF8A18B90235}.Debug|Any CPU.Build.0 = Debug|Any CPU
		{71D9F691-0877-4D99-B1BF-FF8A18B90235}.Debug|x64.ActiveCfg = Debug|Any CPU
		{71D9F691-0877-4D99-B1BF-FF8A18B90235}.Debug|x64.Build.0 = Debug|Any CPU
		{71D9F691-0877-4D99-B1BF-FF8A18B90235}.Debug|x86.ActiveCfg = Debug|Any CPU
		{71D9F691-0877-4D99-B1BF-FF8A18B90235}.Debug|x86.Build.0 = Debug|Any CPU
		{71D9F691-0877-4D99-B1BF-FF8A18B90235}.Release|Any CPU.ActiveCfg = Release|Any CPU
		{71D9F691-0877-4D99-B1BF-FF8A18B90235}.Release|Any CPU.Build.0 = Release|Any CPU
		{71D9F691-0877-4D99-B1BF-FF8A18B90235}.Release|x64.ActiveCfg = Release|Any CPU
		{71D9F691-0877-4D99-B1BF-FF8A18B90235}.Release|x64.Build.0 = Release|Any CPU
		{71D9F691-0877-4D99-B1BF-FF8A18B90235}.Release|x86.ActiveCfg = Release|Any CPU
		{71D9F691-0877-4D99-B1BF-FF8A18B90235}.Release|x86.Build.0 = Release|Any CPU
		{E462D6FD-5CB0-4D52-8EEF-7436C88EB5D8}.Debug|Any CPU.ActiveCfg = Debug|Any CPU
		{E462D6FD-5CB0-4D52-8EEF-7436C88EB5D8}.Debug|Any CPU.Build.0 = Debug|Any CPU
		{E462D6FD-5CB0-4D52-8EEF-7436C88EB5D8}.Debug|x64.ActiveCfg = Debug|Any CPU
		{E462D6FD-5CB0-4D52-8EEF-7436C88EB5D8}.Debug|x64.Build.0 = Debug|Any CPU
		{E462D6FD-5CB0-4D52-8EEF-7436C88EB5D8}.Debug|x86.ActiveCfg = Debug|Any CPU
		{E462D6FD-5CB0-4D52-8EEF-7436C88EB5D8}.Debug|x86.Build.0 = Debug|Any CPU
		{E462D6FD-5CB0-4D52-8EEF-7436C88EB5D8}.Release|Any CPU.ActiveCfg = Release|Any CPU
		{E462D6FD-5CB0-4D52-8EEF-7436C88EB5D8}.Release|Any CPU.Build.0 = Release|Any CPU
		{E462D6FD-5CB0-4D52-8EEF-7436C88EB5D8}.Release|x64.ActiveCfg = Release|Any CPU
		{E462D6FD-5CB0-4D52-8EEF-7436C88EB5D8}.Release|x64.Build.0 = Release|Any CPU
		{E462D6FD-5CB0-4D52-8EEF-7436C88EB5D8}.Release|x86.ActiveCfg = Release|Any CPU
		{E462D6FD-5CB0-4D52-8EEF-7436C88EB5D8}.Release|x86.Build.0 = Release|Any CPU
	EndGlobalSection
	GlobalSection(NestedProjects) = preSolution
		{D473174E-2AD7-479A-AED0-B0A067D845D1} = {DA1F09FA-3A3D-4255-B67C-55BD31A96B99}
		{43FDFFD2-CAC1-44D4-A254-799AF03D8DE8} = {DA1F09FA-3A3D-4255-B67C-55BD31A96B99}
		{297E6414-049D-4CEE-85D8-7CC0B2C5F47D} = {DA1F09FA-3A3D-4255-B67C-55BD31A96B99}
		{71D9F691-0877-4D99-B1BF-FF8A18B90235} = {FE507F5E-29CA-41D8-83DF-7F8F58067D90}
		{E462D6FD-5CB0-4D52-8EEF-7436C88EB5D8} = {FE507F5E-29CA-41D8-83DF-7F8F58067D90}
	EndGlobalSection
EndGlobal
